
Microsoft Visual Studio Solution File, Format Version 12.00
# Visual Studio Version 17
VisualStudioVersion = 17.0.31903.59
MinimumVisualStudioVersion = 10.0.40219.1
Project("{9A19103F-16F7-4668-BE54-9A1E7A4F7556}") = "API", "API\API.csproj", "{53864B2B-C9D2-49D4-8830-BB2B56F836E2}"
EndProject
Project("{54A90642-561A-4BB1-A94E-469ADEE60C69}") = "client", "client\client.esproj", "{FE603C8B-1C51-40ED-84F6-DD746BDC86D8}"
EndProject
Global
	GlobalSection(SolutionConfigurationPlatforms) = preSolution
		Debug|Any CPU = Debug|Any CPU
		Release|Any CPU = Release|Any CPU
	EndGlobalSection
	GlobalSection(ProjectConfigurationPlatforms) = postSolution
		{53864B2B-C9D2-49D4-8830-BB2B56F836E2}.Debug|Any CPU.ActiveCfg = Debug|Any CPU
		{53864B2B-C9D2-49D4-8830-BB2B56F836E2}.Debug|Any CPU.Build.0 = Debug|Any CPU
		{53864B2B-C9D2-49D4-8830-BB2B56F836E2}.Release|Any CPU.ActiveCfg = Release|Any CPU
		{53864B2B-C9D2-49D4-8830-BB2B56F836E2}.Release|Any CPU.Build.0 = Release|Any CPU
		{FE603C8B-1C51-40ED-84F6-DD746BDC86D8}.Debug|Any CPU.ActiveCfg = Debug|Any CPU
		{FE603C8B-1C51-40ED-84F6-DD746BDC86D8}.Debug|Any CPU.Build.0 = Debug|Any CPU
		{FE603C8B-1C51-40ED-84F6-DD746BDC86D8}.Release|Any CPU.ActiveCfg = Release|Any CPU
		{FE603C8B-1C51-40ED-84F6-DD746BDC86D8}.Release|Any CPU.Build.0 = Release|Any CPU
		{FE603C8B-1C51-40ED-84F6-DD746BDC86D8}.Release|Any CPU.Deploy.0 = Release|Any CPU
	EndGlobalSection
	GlobalSection(SolutionProperties) = preSolution
		HideSolutionNode = FALSE
	EndGlobalSection
	GlobalSection(ExtensibilityGlobals) = postSolution
		SolutionGuid = {538DCFF9-8CF2-4521-BB24-DD86D0BD5327}
	EndGlobalSection
EndGlobal
